
Microsoft Visual Studio Solution File, Format Version 12.00
# Visual Studio 15
VisualStudioVersion = 15.0.28307.136
MinimumVisualStudioVersion = 10.0.40219.1
Project("{151D2E53-A2C4-4D7D-83FE-D05416EBD58E}") = "CoreNetwork", "..\CoreNetwork\CoreNetwork.deployproj", "{FC285C71-ACC5-40FF-AF24-6BA6C8970D89}"
EndProject
Project("{151D2E53-A2C4-4D7D-83FE-D05416EBD58E}") = "WinVM", "..\WinVM\WinVM.deployproj", "{81DCC74D-EC51-4F43-BA97-665209623F58}"
EndProject
Project("{151D2E53-A2C4-4D7D-83FE-D05416EBD58E}") = "Class1", "Class1\Class1.deployproj", "{8725F3DA-FE66-405E-B43E-0EB4971AA164}"
EndProject
Global
	GlobalSection(SolutionConfigurationPlatforms) = preSolution
		Debug|Any CPU = Debug|Any CPU
		Release|Any CPU = Release|Any CPU
	EndGlobalSection
	GlobalSection(ProjectConfigurationPlatforms) = postSolution
		{FC285C71-ACC5-40FF-AF24-6BA6C8970D89}.Debug|Any CPU.ActiveCfg = Debug|Any CPU
		{FC285C71-ACC5-40FF-AF24-6BA6C8970D89}.Debug|Any CPU.Build.0 = Debug|Any CPU
		{FC285C71-ACC5-40FF-AF24-6BA6C8970D89}.Release|Any CPU.ActiveCfg = Release|Any CPU
		{FC285C71-ACC5-40FF-AF24-6BA6C8970D89}.Release|Any CPU.Build.0 = Release|Any CPU
		{81DCC74D-EC51-4F43-BA97-665209623F58}.Debug|Any CPU.ActiveCfg = Debug|Any CPU
		{81DCC74D-EC51-4F43-BA97-665209623F58}.Debug|Any CPU.Build.0 = Debug|Any CPU
		{81DCC74D-EC51-4F43-BA97-665209623F58}.Release|Any CPU.ActiveCfg = Release|Any CPU
		{81DCC74D-EC51-4F43-BA97-665209623F58}.Release|Any CPU.Build.0 = Release|Any CPU
		{8725F3DA-FE66-405E-B43E-0EB4971AA164}.Debug|Any CPU.ActiveCfg = Debug|Any CPU
		{8725F3DA-FE66-405E-B43E-0EB4971AA164}.Debug|Any CPU.Build.0 = Debug|Any CPU
		{8725F3DA-FE66-405E-B43E-0EB4971AA164}.Release|Any CPU.ActiveCfg = Release|Any CPU
		{8725F3DA-FE66-405E-B43E-0EB4971AA164}.Release|Any CPU.Build.0 = Release|Any CPU
	EndGlobalSection
	GlobalSection(SolutionProperties) = preSolution
		HideSolutionNode = FALSE
	EndGlobalSection
	GlobalSection(ExtensibilityGlobals) = postSolution
		SolutionGuid = {4756A927-7B60-4AC6-B02D-69575E36F3AA}
	EndGlobalSection
EndGlobal
